
Microsoft Visual Studio Solution File, Format Version 12.00
# Visual Studio Version 17
VisualStudioVersion = 17.10.34916.146
MinimumVisualStudioVersion = 10.0.40219.1
Project("{FAE04EC0-301F-11D3-BF4B-00C04F79EFBC}") = "katas.sample", "katas\katas.sample.csproj", "{570C6B8A-0885-4C62-A81A-484C1794DD09}"
EndProject
Project("{FAE04EC0-301F-11D3-BF4B-00C04F79EFBC}") = "katas.sample.test", "katas.sample.test\katas.sample.test.csproj", "{8535ACAD-1CC3-48A1-8029-8F84A59CC1DD}"
EndProject
Global
	GlobalSection(SolutionConfigurationPlatforms) = preSolution
		Debug|Any CPU = Debug|Any CPU
		Release|Any CPU = Release|Any CPU
	EndGlobalSection
	GlobalSection(ProjectConfigurationPlatforms) = postSolution
		{570C6B8A-0885-4C62-A81A-484C1794DD09}.Debug|Any CPU.ActiveCfg = Debug|Any CPU
		{570C6B8A-0885-4C62-A81A-484C1794DD09}.Debug|Any CPU.Build.0 = Debug|Any CPU
		{570C6B8A-0885-4C62-A81A-484C1794DD09}.Release|Any CPU.ActiveCfg = Release|Any CPU
		{570C6B8A-0885-4C62-A81A-484C1794DD09}.Release|Any CPU.Build.0 = Release|Any CPU
		{8535ACAD-1CC3-48A1-8029-8F84A59CC1DD}.Debug|Any CPU.ActiveCfg = Debug|Any CPU
		{8535ACAD-1CC3-48A1-8029-8F84A59CC1DD}.Debug|Any CPU.Build.0 = Debug|Any CPU
		{8535ACAD-1CC3-48A1-8029-8F84A59CC1DD}.Release|Any CPU.ActiveCfg = Release|Any CPU
		{8535ACAD-1CC3-48A1-8029-8F84A59CC1DD}.Release|Any CPU.Build.0 = Release|Any CPU
	EndGlobalSection
	GlobalSection(SolutionProperties) = preSolution
		HideSolutionNode = FALSE
	EndGlobalSection
	GlobalSection(ExtensibilityGlobals) = postSolution
		SolutionGuid = {CF4A6FCF-1FDC-4E81-98D9-90B9DEEC5E0C}
	EndGlobalSection
EndGlobal
